// !$*UTF8*$!
{
	archiveVersion = 1;
	classes = {
	};
	objectVersion = 46;
	objects = {

/* Begin PBXBuildFile section */
		6FC7E13118F7C42F0015D3F6 /* Foundation.framework in Frameworks */ = {isa = PBXBuildFile; fileRef = 6FC7E13018F7C42F0015D3F6 /* Foundation.framework */; };
		6FC7E13318F7C42F0015D3F6 /* CoreGraphics.framework in Frameworks */ = {isa = PBXBuildFile; fileRef = 6FC7E13218F7C42F0015D3F6 /* CoreGraphics.framework */; };
		6FC7E13518F7C42F0015D3F6 /* UIKit.framework in Frameworks */ = {isa = PBXBuildFile; fileRef = 6FC7E13418F7C42F0015D3F6 /* UIKit.framework */; };
		6FC7E13B18F7C42F0015D3F6 /* InfoPlist.strings in Resources */ = {isa = PBXBuildFile; fileRef = 6FC7E13918F7C42F0015D3F6 /* InfoPlist.strings */; };
		6FC7E13D18F7C42F0015D3F6 /* main.m in Sources */ = {isa = PBXBuildFile; fileRef = 6FC7E13C18F7C42F0015D3F6 /* main.m */; };
		6FC7E14118F7C42F0015D3F6 /* AppDelegate.m in Sources */ = {isa = PBXBuildFile; fileRef = 6FC7E14018F7C42F0015D3F6 /* AppDelegate.m */; };
		6FC7E14418F7C42F0015D3F6 /* Main.storyboard in Resources */ = {isa = PBXBuildFile; fileRef = 6FC7E14218F7C42F0015D3F6 /* Main.storyboard */; };
		6FC7E14718F7C42F0015D3F6 /* ViewController.m in Sources */ = {isa = PBXBuildFile; fileRef = 6FC7E14618F7C42F0015D3F6 /* ViewController.m */; };
		6FC7E14918F7C42F0015D3F6 /* Images.xcassets in Resources */ = {isa = PBXBuildFile; fileRef = 6FC7E14818F7C42F0015D3F6 /* Images.xcassets */; };
		6FC7E15018F7C42F0015D3F6 /* XCTest.framework in Frameworks */ = {isa = PBXBuildFile; fileRef = 6FC7E14F18F7C42F0015D3F6 /* XCTest.framework */; };
		6FC7E15118F7C42F0015D3F6 /* Foundation.framework in Frameworks */ = {isa = PBXBuildFile; fileRef = 6FC7E13018F7C42F0015D3F6 /* Foundation.framework */; };
		6FC7E15218F7C42F0015D3F6 /* UIKit.framework in Frameworks */ = {isa = PBXBuildFile; fileRef = 6FC7E13418F7C42F0015D3F6 /* UIKit.framework */; };
		6FC7E15A18F7C42F0015D3F6 /* InfoPlist.strings in Resources */ = {isa = PBXBuildFile; fileRef = 6FC7E15818F7C42F0015D3F6 /* InfoPlist.strings */; };
		6FC7E15C18F7C42F0015D3F6 /* OCMaskedTextFieldViewSampleTests.m in Sources */ = {isa = PBXBuildFile; fileRef = 6FC7E15B18F7C42F0015D3F6 /* OCMaskedTextFieldViewSampleTests.m */; };
		6FC7E16818F7C4590015D3F6 /* OCMaskedTextFieldView.m in Sources */ = {isa = PBXBuildFile; fileRef = 6FC7E16718F7C4590015D3F6 /* OCMaskedTextFieldView.m */; };
/* End PBXBuildFile section */

/* Begin PBXContainerItemProxy section */
		6FC7E15318F7C42F0015D3F6 /* PBXContainerItemProxy */ = {
			isa = PBXContainerItemProxy;
			containerPortal = 6FC7E12518F7C42F0015D3F6 /* Project object */;
			proxyType = 1;
			remoteGlobalIDString = 6FC7E12C18F7C42F0015D3F6;
			remoteInfo = OCMaskedTextFieldViewSample;
		};
/* End PBXContainerItemProxy section */

/* Begin PBXFileReference section */
		6FC7E12D18F7C42F0015D3F6 /* OCMaskedTextFieldViewSample.app */ = {isa = PBXFileReference; explicitFileType = wrapper.application; includeInIndex = 0; path = OCMaskedTextFieldViewSample.app; sourceTree = BUILT_PRODUCTS_DIR; };
		6FC7E13018F7C42F0015D3F6 /* Foundation.framework */ = {isa = PBXFileReference; lastKnownFileType = wrapper.framework; name = Foundation.framework; path = System/Library/Frameworks/Foundation.framework; sourceTree = SDKROOT; };
		6FC7E13218F7C42F0015D3F6 /* CoreGraphics.framework */ = {isa = PBXFileReference; lastKnownFileType = wrapper.framework; name = CoreGraphics.framework; path = System/Library/Frameworks/CoreGraphics.framework; sourceTree = SDKROOT; };
		6FC7E13418F7C42F0015D3F6 /* UIKit.framework */ = {isa = PBXFileReference; lastKnownFileType = wrapper.framework; name = UIKit.framework; path = System/Library/Frameworks/UIKit.framework; sourceTree = SDKROOT; };
		6FC7E13818F7C42F0015D3F6 /* OCMaskedTextFieldViewSample-Info.plist */ = {isa = PBXFileReference; lastKnownFileType = text.plist.xml; path = "OCMaskedTextFieldViewSample-Info.plist"; sourceTree = "<group>"; };
		6FC7E13A18F7C42F0015D3F6 /* en */ = {isa = PBXFileReference; lastKnownFileType = text.plist.strings; name = en; path = en.lproj/InfoPlist.strings; sourceTree = "<group>"; };
		6FC7E13C18F7C42F0015D3F6 /* main.m */ = {isa = PBXFileReference; lastKnownFileType = sourcecode.c.objc; path = main.m; sourceTree = "<group>"; };
		6FC7E13E18F7C42F0015D3F6 /* OCMaskedTextFieldViewSample-Prefix.pch */ = {isa = PBXFileReference; lastKnownFileType = sourcecode.c.h; path = "OCMaskedTextFieldViewSample-Prefix.pch"; sourceTree = "<group>"; };
		6FC7E13F18F7C42F0015D3F6 /* AppDelegate.h */ = {isa = PBXFileReference; lastKnownFileType = sourcecode.c.h; path = AppDelegate.h; sourceTree = "<group>"; };
		6FC7E14018F7C42F0015D3F6 /* AppDelegate.m */ = {isa = PBXFileReference; lastKnownFileType = sourcecode.c.objc; path = AppDelegate.m; sourceTree = "<group>"; };
		6FC7E14318F7C42F0015D3F6 /* Base */ = {isa = PBXFileReference; lastKnownFileType = file.storyboard; name = Base; path = Base.lproj/Main.storyboard; sourceTree = "<group>"; };
		6FC7E14518F7C42F0015D3F6 /* ViewController.h */ = {isa = PBXFileReference; lastKnownFileType = sourcecode.c.h; path = ViewController.h; sourceTree = "<group>"; };
		6FC7E14618F7C42F0015D3F6 /* ViewController.m */ = {isa = PBXFileReference; lastKnownFileType = sourcecode.c.objc; path = ViewController.m; sourceTree = "<group>"; };
		6FC7E14818F7C42F0015D3F6 /* Images.xcassets */ = {isa = PBXFileReference; lastKnownFileType = folder.assetcatalog; path = Images.xcassets; sourceTree = "<group>"; };
		6FC7E14E18F7C42F0015D3F6 /* OCMaskedTextFieldViewSampleTests.xctest */ = {isa = PBXFileReference; explicitFileType = wrapper.cfbundle; includeInIndex = 0; path = OCMaskedTextFieldViewSampleTests.xctest; sourceTree = BUILT_PRODUCTS_DIR; };
		6FC7E14F18F7C42F0015D3F6 /* XCTest.framework */ = {isa = PBXFileReference; lastKnownFileType = wrapper.framework; name = XCTest.framework; path = Library/Frameworks/XCTest.framework; sourceTree = DEVELOPER_DIR; };
		6FC7E15718F7C42F0015D3F6 /* OCMaskedTextFieldViewSampleTests-Info.plist */ = {isa = PBXFileReference; lastKnownFileType = text.plist.xml; path = "OCMaskedTextFieldViewSampleTests-Info.plist"; sourceTree = "<group>"; };
		6FC7E15918F7C42F0015D3F6 /* en */ = {isa = PBXFileReference; lastKnownFileType = text.plist.strings; name = en; path = en.lproj/InfoPlist.strings; sourceTree = "<group>"; };
		6FC7E15B18F7C42F0015D3F6 /* OCMaskedTextFieldViewSampleTests.m */ = {isa = PBXFileReference; lastKnownFileType = sourcecode.c.objc; path = OCMaskedTextFieldViewSampleTests.m; sourceTree = "<group>"; };
		6FC7E16618F7C4590015D3F6 /* OCMaskedTextFieldView.h */ = {isa = PBXFileReference; fileEncoding = 4; lastKnownFileType = sourcecode.c.h; path = OCMaskedTextFieldView.h; sourceTree = "<group>"; };
		6FC7E16718F7C4590015D3F6 /* OCMaskedTextFieldView.m */ = {isa = PBXFileReference; fileEncoding = 4; lastKnownFileType = sourcecode.c.objc; path = OCMaskedTextFieldView.m; sourceTree = "<group>"; };
/* End PBXFileReference section */

/* Begin PBXFrameworksBuildPhase section */
		6FC7E12A18F7C42F0015D3F6 /* Frameworks */ = {
			isa = PBXFrameworksBuildPhase;
			buildActionMask = 2147483647;
			files = (
				6FC7E13318F7C42F0015D3F6 /* CoreGraphics.framework in Frameworks */,
				6FC7E13518F7C42F0015D3F6 /* UIKit.framework in Frameworks */,
				6FC7E13118F7C42F0015D3F6 /* Foundation.framework in Frameworks */,
			);
			runOnlyForDeploymentPostprocessing = 0;
		};
		6FC7E14B18F7C42F0015D3F6 /* Frameworks */ = {
			isa = PBXFrameworksBuildPhase;
			buildActionMask = 2147483647;
			files = (
				6FC7E15018F7C42F0015D3F6 /* XCTest.framework in Frameworks */,
				6FC7E15218F7C42F0015D3F6 /* UIKit.framework in Frameworks */,
				6FC7E15118F7C42F0015D3F6 /* Foundation.framework in Frameworks */,
			);
			runOnlyForDeploymentPostprocessing = 0;
		};
/* End PBXFrameworksBuildPhase section */

/* Begin PBXGroup section */
		6FC7E12418F7C42F0015D3F6 = {
			isa = PBXGroup;
			children = (
				6FC7E13618F7C42F0015D3F6 /* OCMaskedTextFieldViewSample */,
				6FC7E15518F7C42F0015D3F6 /* OCMaskedTextFieldViewSampleTests */,
				6FC7E12F18F7C42F0015D3F6 /* Frameworks */,
				6FC7E12E18F7C42F0015D3F6 /* Products */,
			);
			sourceTree = "<group>";
		};
		6FC7E12E18F7C42F0015D3F6 /* Products */ = {
			isa = PBXGroup;
			children = (
				6FC7E12D18F7C42F0015D3F6 /* OCMaskedTextFieldViewSample.app */,
				6FC7E14E18F7C42F0015D3F6 /* OCMaskedTextFieldViewSampleTests.xctest */,
			);
			name = Products;
			sourceTree = "<group>";
		};
		6FC7E12F18F7C42F0015D3F6 /* Frameworks */ = {
			isa = PBXGroup;
			children = (
				6FC7E13018F7C42F0015D3F6 /* Foundation.framework */,
				6FC7E13218F7C42F0015D3F6 /* CoreGraphics.framework */,
				6FC7E13418F7C42F0015D3F6 /* UIKit.framework */,
				6FC7E14F18F7C42F0015D3F6 /* XCTest.framework */,
			);
			name = Frameworks;
			sourceTree = "<group>";
		};
		6FC7E13618F7C42F0015D3F6 /* OCMaskedTextFieldViewSample */ = {
			isa = PBXGroup;
			children = (
				6FC7E16518F7C4340015D3F6 /* OCMaskedTextFieldView */,
				6FC7E13F18F7C42F0015D3F6 /* AppDelegate.h */,
				6FC7E14018F7C42F0015D3F6 /* AppDelegate.m */,
				6FC7E14218F7C42F0015D3F6 /* Main.storyboard */,
				6FC7E14518F7C42F0015D3F6 /* ViewController.h */,
				6FC7E14618F7C42F0015D3F6 /* ViewController.m */,
				6FC7E14818F7C42F0015D3F6 /* Images.xcassets */,
				6FC7E13718F7C42F0015D3F6 /* Supporting Files */,
			);
			path = OCMaskedTextFieldViewSample;
			sourceTree = "<group>";
		};
		6FC7E13718F7C42F0015D3F6 /* Supporting Files */ = {
			isa = PBXGroup;
			children = (
				6FC7E13818F7C42F0015D3F6 /* OCMaskedTextFieldViewSample-Info.plist */,
				6FC7E13918F7C42F0015D3F6 /* InfoPlist.strings */,
				6FC7E13C18F7C42F0015D3F6 /* main.m */,
				6FC7E13E18F7C42F0015D3F6 /* OCMaskedTextFieldViewSample-Prefix.pch */,
			);
			name = "Supporting Files";
			sourceTree = "<group>";
		};
		6FC7E15518F7C42F0015D3F6 /* OCMaskedTextFieldViewSampleTests */ = {
			isa = PBXGroup;
			children = (
				6FC7E15B18F7C42F0015D3F6 /* OCMaskedTextFieldViewSampleTests.m */,
				6FC7E15618F7C42F0015D3F6 /* Supporting Files */,
			);
			path = OCMaskedTextFieldViewSampleTests;
			sourceTree = "<group>";
		};
		6FC7E15618F7C42F0015D3F6 /* Supporting Files */ = {
			isa = PBXGroup;
			children = (
				6FC7E15718F7C42F0015D3F6 /* OCMaskedTextFieldViewSampleTests-Info.plist */,
				6FC7E15818F7C42F0015D3F6 /* InfoPlist.strings */,
			);
			name = "Supporting Files";
			sourceTree = "<group>";
		};
		6FC7E16518F7C4340015D3F6 /* OCMaskedTextFieldView */ = {
			isa = PBXGroup;
			children = (
				6FC7E16618F7C4590015D3F6 /* OCMaskedTextFieldView.h */,
				6FC7E16718F7C4590015D3F6 /* OCMaskedTextFieldView.m */,
			);
			name = OCMaskedTextFieldView;
			sourceTree = "<group>";
		};
/* End PBXGroup section */

/* Begin PBXNativeTarget section */
		6FC7E12C18F7C42F0015D3F6 /* OCMaskedTextFieldViewSample */ = {
			isa = PBXNativeTarget;
			buildConfigurationList = 6FC7E15F18F7C42F0015D3F6 /* Build configuration list for PBXNativeTarget "OCMaskedTextFieldViewSample" */;
			buildPhases = (
				6FC7E12918F7C42F0015D3F6 /* Sources */,
				6FC7E12A18F7C42F0015D3F6 /* Frameworks */,
				6FC7E12B18F7C42F0015D3F6 /* Resources */,
			);
			buildRules = (
			);
			dependencies = (
			);
			name = OCMaskedTextFieldViewSample;
			productName = OCMaskedTextFieldViewSample;
			productReference = 6FC7E12D18F7C42F0015D3F6 /* OCMaskedTextFieldViewSample.app */;
			productType = "com.apple.product-type.application";
		};
		6FC7E14D18F7C42F0015D3F6 /* OCMaskedTextFieldViewSampleTests */ = {
			isa = PBXNativeTarget;
			buildConfigurationList = 6FC7E16218F7C42F0015D3F6 /* Build configuration list for PBXNativeTarget "OCMaskedTextFieldViewSampleTests" */;
			buildPhases = (
				6FC7E14A18F7C42F0015D3F6 /* Sources */,
				6FC7E14B18F7C42F0015D3F6 /* Frameworks */,
				6FC7E14C18F7C42F0015D3F6 /* Resources */,
			);
			buildRules = (
			);
			dependencies = (
				6FC7E15418F7C42F0015D3F6 /* PBXTargetDependency */,
			);
			name = OCMaskedTextFieldViewSampleTests;
			productName = OCMaskedTextFieldViewSampleTests;
			productReference = 6FC7E14E18F7C42F0015D3F6 /* OCMaskedTextFieldViewSampleTests.xctest */;
			productType = "com.apple.product-type.bundle.unit-test";
		};
/* End PBXNativeTarget section */

/* Begin PBXProject section */
		6FC7E12518F7C42F0015D3F6 /* Project object */ = {
			isa = PBXProject;
			attributes = {
				LastUpgradeCheck = 0510;
				ORGANIZATIONNAME = MakaraKukara;
				TargetAttributes = {
					6FC7E14D18F7C42F0015D3F6 = {
						TestTargetID = 6FC7E12C18F7C42F0015D3F6;
					};
				};
			};
			buildConfigurationList = 6FC7E12818F7C42F0015D3F6 /* Build configuration list for PBXProject "OCMaskedTextFieldViewSample" */;
			compatibilityVersion = "Xcode 3.2";
			developmentRegion = English;
			hasScannedForEncodings = 0;
			knownRegions = (
				en,
				Base,
			);
			mainGroup = 6FC7E12418F7C42F0015D3F6;
			productRefGroup = 6FC7E12E18F7C42F0015D3F6 /* Products */;
			projectDirPath = "";
			projectRoot = "";
			targets = (
				6FC7E12C18F7C42F0015D3F6 /* OCMaskedTextFieldViewSample */,
				6FC7E14D18F7C42F0015D3F6 /* OCMaskedTextFieldViewSampleTests */,
			);
		};
/* End PBXProject section */

/* Begin PBXResourcesBuildPhase section */
		6FC7E12B18F7C42F0015D3F6 /* Resources */ = {
			isa = PBXResourcesBuildPhase;
			buildActionMask = 2147483647;
			files = (
				6FC7E14918F7C42F0015D3F6 /* Images.xcassets in Resources */,
				6FC7E13B18F7C42F0015D3F6 /* InfoPlist.strings in Resources */,
				6FC7E14418F7C42F0015D3F6 /* Main.storyboard in Resources */,
			);
			runOnlyForDeploymentPostprocessing = 0;
		};
		6FC7E14C18F7C42F0015D3F6 /* Resources */ = {
			isa = PBXResourcesBuildPhase;
			buildActionMask = 2147483647;
			files = (
				6FC7E15A18F7C42F0015D3F6 /* InfoPlist.strings in Resources */,
			);
			runOnlyForDeploymentPostprocessing = 0;
		};
/* End PBXResourcesBuildPhase section */

/* Begin PBXSourcesBuildPhase section */
		6FC7E12918F7C42F0015D3F6 /* Sources */ = {
			isa = PBXSourcesBuildPhase;
			buildActionMask = 2147483647;
			files = (
				6FC7E14718F7C42F0015D3F6 /* ViewController.m in Sources */,
				6FC7E16818F7C4590015D3F6 /* OCMaskedTextFieldView.m in Sources */,
				6FC7E14118F7C42F0015D3F6 /* AppDelegate.m in Sources */,
				6FC7E13D18F7C42F0015D3F6 /* main.m in Sources */,
			);
			runOnlyForDeploymentPostprocessing = 0;
		};
		6FC7E14A18F7C42F0015D3F6 /* Sources */ = {
			isa = PBXSourcesBuildPhase;
			buildActionMask = 2147483647;
			files = (
				6FC7E15C18F7C42F0015D3F6 /* OCMaskedTextFieldViewSampleTests.m in Sources */,
			);
			runOnlyForDeploymentPostprocessing = 0;
		};
/* End PBXSourcesBuildPhase section */

/* Begin PBXTargetDependency section */
		6FC7E15418F7C42F0015D3F6 /* PBXTargetDependency */ = {
			isa = PBXTargetDependency;
			target = 6FC7E12C18F7C42F0015D3F6 /* OCMaskedTextFieldViewSample */;
			targetProxy = 6FC7E15318F7C42F0015D3F6 /* PBXContainerItemProxy */;
		};
/* End PBXTargetDependency section */

/* Begin PBXVariantGroup section */
		6FC7E13918F7C42F0015D3F6 /* InfoPlist.strings */ = {
			isa = PBXVariantGroup;
			children = (
				6FC7E13A18F7C42F0015D3F6 /* en */,
			);
			name = InfoPlist.strings;
			sourceTree = "<group>";
		};
		6FC7E14218F7C42F0015D3F6 /* Main.storyboard */ = {
			isa = PBXVariantGroup;
			children = (
				6FC7E14318F7C42F0015D3F6 /* Base */,
			);
			name = Main.storyboard;
			sourceTree = "<group>";
		};
		6FC7E15818F7C42F0015D3F6 /* InfoPlist.strings */ = {
			isa = PBXVariantGroup;
			children = (
				6FC7E15918F7C42F0015D3F6 /* en */,
			);
			name = InfoPlist.strings;
			sourceTree = "<group>";
		};
/* End PBXVariantGroup section */

/* Begin XCBuildConfiguration section */
		6FC7E15D18F7C42F0015D3F6 /* Debug */ = {
			isa = XCBuildConfiguration;
			buildSettings = {
				ALWAYS_SEARCH_USER_PATHS = NO;
				CLANG_CXX_LANGUAGE_STANDARD = "gnu++0x";
				CLANG_CXX_LIBRARY = "libc++";
				CLANG_ENABLE_MODULES = YES;
				CLANG_ENABLE_OBJC_ARC = YES;
				CLANG_WARN_BOOL_CONVERSION = YES;
				CLANG_WARN_CONSTANT_CONVERSION = YES;
				CLANG_WARN_DIRECT_OBJC_ISA_USAGE = YES_ERROR;
				CLANG_WARN_EMPTY_BODY = YES;
				CLANG_WARN_ENUM_CONVERSION = YES;
				CLANG_WARN_INT_CONVERSION = YES;
				CLANG_WARN_OBJC_ROOT_CLASS = YES_ERROR;
				CLANG_WARN__DUPLICATE_METHOD_MATCH = YES;
				"CODE_SIGN_IDENTITY[sdk=iphoneos*]" = "iPhone Developer";
				COPY_PHASE_STRIP = NO;
				GCC_C_LANGUAGE_STANDARD = gnu99;
				GCC_DYNAMIC_NO_PIC = NO;
				GCC_OPTIMIZATION_LEVEL = 0;
				GCC_PREPROCESSOR_DEFINITIONS = (
					"DEBUG=1",
					"$(inherited)",
				);
				GCC_SYMBOLS_PRIVATE_EXTERN = NO;
				GCC_WARN_64_TO_32_BIT_CONVERSION = YES;
				GCC_WARN_ABOUT_RETURN_TYPE = YES_ERROR;
				GCC_WARN_UNDECLARED_SELECTOR = YES;
				GCC_WARN_UNINITIALIZED_AUTOS = YES_AGGRESSIVE;
				GCC_WARN_UNUSED_FUNCTION = YES;
				GCC_WARN_UNUSED_VARIABLE = YES;
				IPHONEOS_DEPLOYMENT_TARGET = 7.1;
				ONLY_ACTIVE_ARCH = YES;
				SDKROOT = iphoneos;
			};
			name = Debug;
		};
		6FC7E15E18F7C42F0015D3F6 /* Release */ = {
			isa = XCBuildConfiguration;
			buildSettings = {
				ALWAYS_SEARCH_USER_PATHS = NO;
				CLANG_CXX_LANGUAGE_STANDARD = "gnu++0x";
				CLANG_CXX_LIBRARY = "libc++";
				CLANG_ENABLE_MODULES = YES;
				CLANG_ENABLE_OBJC_ARC = YES;
				CLANG_WARN_BOOL_CONVERSION = YES;
				CLANG_WARN_CONSTANT_CONVERSION = YES;
				CLANG_WARN_DIRECT_OBJC_ISA_USAGE = YES_ERROR;
				CLANG_WARN_EMPTY_BODY = YES;
				CLANG_WARN_ENUM_CONVERSION = YES;
				CLANG_WARN_INT_CONVERSION = YES;
				CLANG_WARN_OBJC_ROOT_CLASS = YES_ERROR;
				CLANG_WARN__DUPLICATE_METHOD_MATCH = YES;
				"CODE_SIGN_IDENTITY[sdk=iphoneos*]" = "iPhone Developer";
				COPY_PHASE_STRIP = YES;
				ENABLE_NS_ASSERTIONS = NO;
				GCC_C_LANGUAGE_STANDARD = gnu99;
				GCC_WARN_64_TO_32_BIT_CONVERSION = YES;
				GCC_WARN_ABOUT_RETURN_TYPE = YES_ERROR;
				GCC_WARN_UNDECLARED_SELECTOR = YES;
				GCC_WARN_UNINITIALIZED_AUTOS = YES_AGGRESSIVE;
				GCC_WARN_UNUSED_FUNCTION = YES;
				GCC_WARN_UNUSED_VARIABLE = YES;
				IPHONEOS_DEPLOYMENT_TARGET = 7.1;
				SDKROOT = iphoneos;
				VALIDATE_PRODUCT = YES;
			};
			name = Release;
		};
		6FC7E16018F7C42F0015D3F6 /* Debug */ = {
			isa = XCBuildConfiguration;
			buildSettings = {
				ASSETCATALOG_COMPILER_APPICON_NAME = AppIcon;
				ASSETCATALOG_COMPILER_LAUNCHIMAGE_NAME = LaunchImage;
				GCC_PRECOMPILE_PREFIX_HEADER = YES;
				GCC_PREFIX_HEADER = "OCMaskedTextFieldViewSample/OCMaskedTextFieldViewSample-Prefix.pch";
				INFOPLIST_FILE = "OCMaskedTextFieldViewSample/OCMaskedTextFieldViewSample-Info.plist";
				PRODUCT_NAME = "$(TARGET_NAME)";
				WRAPPER_EXTENSION = app;
			};
			name = Debug;
		};
		6FC7E16118F7C42F0015D3F6 /* Release */ = {
			isa = XCBuildConfiguration;
			buildSettings = {
				ASSETCATALOG_COMPILER_APPICON_NAME = AppIcon;
				ASSETCATALOG_COMPILER_LAUNCHIMAGE_NAME = LaunchImage;
				GCC_PRECOMPILE_PREFIX_HEADER = YES;
				GCC_PREFIX_HEADER = "OCMaskedTextFieldViewSample/OCMaskedTextFieldViewSample-Prefix.pch";
				INFOPLIST_FILE = "OCMaskedTextFieldViewSample/OCMaskedTextFieldViewSample-Info.plist";
				PRODUCT_NAME = "$(TARGET_NAME)";
				WRAPPER_EXTENSION = app;
			};
			name = Release;
		};
		6FC7E16318F7C42F0015D3F6 /* Debug */ = {
			isa = XCBuildConfiguration;
			buildSettings = {
				BUNDLE_LOADER = "$(BUILT_PRODUCTS_DIR)/OCMaskedTextFieldViewSample.app/OCMaskedTextFieldViewSample";
				FRAMEWORK_SEARCH_PATHS = (
					"$(SDKROOT)/Developer/Library/Frameworks",
					"$(inherited)",
					"$(DEVELOPER_FRAMEWORKS_DIR)",
				);
				GCC_PRECOMPILE_PREFIX_HEADER = YES;
				GCC_PREFIX_HEADER = "OCMaskedTextFieldViewSample/OCMaskedTextFieldViewSample-Prefix.pch";
				GCC_PREPROCESSOR_DEFINITIONS = (
					"DEBUG=1",
					"$(inherited)",
				);
				INFOPLIST_FILE = "OCMaskedTextFieldViewSampleTests/OCMaskedTextFieldViewSampleTests-Info.plist";
				PRODUCT_NAME = "$(TARGET_NAME)";
				TEST_HOST = "$(BUNDLE_LOADER)";
				WRAPPER_EXTENSION = xctest;
			};
			name = Debug;
		};
		6FC7E16418F7C42F0015D3F6 /* Release */ = {
			isa = XCBuildConfiguration;
			buildSettings = {
				BUNDLE_LOADER = "$(BUILT_PRODUCTS_DIR)/OCMaskedTextFieldViewSample.app/OCMaskedTextFieldViewSample";
				FRAMEWORK_SEARCH_PATHS = (
					"$(SDKROOT)/Developer/Library/Frameworks",
					"$(inherited)",
					"$(DEVELOPER_FRAMEWORKS_DIR)",
				);
				GCC_PRECOMPILE_PREFIX_HEADER = YES;
				GCC_PREFIX_HEADER = "OCMaskedTextFieldViewSample/OCMaskedTextFieldViewSample-Prefix.pch";
				INFOPLIST_FILE = "OCMaskedTextFieldViewSampleTests/OCMaskedTextFieldViewSampleTests-Info.plist";
				PRODUCT_NAME = "$(TARGET_NAME)";
				TEST_HOST = "$(BUNDLE_LOADER)";
				WRAPPER_EXTENSION = xctest;
			};
			name = Release;
		};
/* End XCBuildConfiguration section */

/* Begin XCConfigurationList section */
		6FC7E12818F7C42F0015D3F6 /* Build configuration list for PBXProject "OCMaskedTextFieldViewSample" */ = {
			isa = XCConfigurationList;
			buildConfigurations = (
				6FC7E15D18F7C42F0015D3F6 /* Debug */,
				6FC7E15E18F7C42F0015D3F6 /* Release */,
			);
			defaultConfigurationIsVisible = 0;
			defaultConfigurationName = Release;
		};
		6FC7E15F18F7C42F0015D3F6 /* Build configuration list for PBXNativeTarget "OCMaskedTextFieldViewSample" */ = {
			isa = XCConfigurationList;
			buildConfigurations = (
				6FC7E16018F7C42F0015D3F6 /* Debug */,
				6FC7E16118F7C42F0015D3F6 /* Release */,
			);
			defaultConfigurationIsVisible = 0;
		};
		6FC7E16218F7C42F0015D3F6 /* Build configuration list for PBXNativeTarget "OCMaskedTextFieldViewSampleTests" */ = {
			isa = XCConfigurationList;
			buildConfigurations = (
				6FC7E16318F7C42F0015D3F6 /* Debug */,
				6FC7E16418F7C42F0015D3F6 /* Release */,
			);
			defaultConfigurationIsVisible = 0;
		};
/* End XCConfigurationList section */
	};
	rootObject = 6FC7E12518F7C42F0015D3F6 /* Project object */;
}
